// !$*UTF8*$!
{
	archiveVersion = 1;
	classes = {
	};
	objectVersion = 50;
	objects = {

/* Begin PBXBuildFile section */
		AA584DE621F71BC100C03E3E /* AppDelegate.swift in Sources */ = {isa = PBXBuildFile; fileRef = AA584DE521F71BC100C03E3E /* AppDelegate.swift */; };
		AA584DE821F71BC100C03E3E /* ViewController.swift in Sources */ = {isa = PBXBuildFile; fileRef = AA584DE721F71BC100C03E3E /* ViewController.swift */; };
		AA584DEB21F71BC100C03E3E /* Main.storyboard in Resources */ = {isa = PBXBuildFile; fileRef = AA584DE921F71BC100C03E3E /* Main.storyboard */; };
		AA584DED21F71BC300C03E3E /* Assets.xcassets in Resources */ = {isa = PBXBuildFile; fileRef = AA584DEC21F71BC300C03E3E /* Assets.xcassets */; };
		AA584DF021F71BC300C03E3E /* LaunchScreen.storyboard in Resources */ = {isa = PBXBuildFile; fileRef = AA584DEE21F71BC300C03E3E /* LaunchScreen.storyboard */; };
		AA584DFB21F71BC300C03E3E /* SampleRealmTests.swift in Sources */ = {isa = PBXBuildFile; fileRef = AA584DFA21F71BC300C03E3E /* SampleRealmTests.swift */; };
		AA584E0621F71BC300C03E3E /* SampleRealmUITests.swift in Sources */ = {isa = PBXBuildFile; fileRef = AA584E0521F71BC300C03E3E /* SampleRealmUITests.swift */; };
		AA584E1521F7294200C03E3E /* RealmModel.swift in Sources */ = {isa = PBXBuildFile; fileRef = AA584E1421F7294200C03E3E /* RealmModel.swift */; };
		AA584E1821F7310200C03E3E /* ShowViewController.swift in Sources */ = {isa = PBXBuildFile; fileRef = AA584E1721F7310200C03E3E /* ShowViewController.swift */; };
		AA584E2021F7320C00C03E3E /* CustomTableViewCell.swift in Sources */ = {isa = PBXBuildFile; fileRef = AA584E1E21F7320C00C03E3E /* CustomTableViewCell.swift */; };
		AA584E2121F7320C00C03E3E /* CustomTableViewCell.xib in Resources */ = {isa = PBXBuildFile; fileRef = AA584E1F21F7320C00C03E3E /* CustomTableViewCell.xib */; };
		D91FEC35908A0C27F18AB812 /* Pods_SampleRealm.framework in Frameworks */ = {isa = PBXBuildFile; fileRef = 93112DAA99B9E2D1E4C215C9 /* Pods_SampleRealm.framework */; };
/* End PBXBuildFile section */

/* Begin PBXContainerItemProxy section */
		AA584DF721F71BC300C03E3E /* PBXContainerItemProxy */ = {
			isa = PBXContainerItemProxy;
			containerPortal = AA584DDA21F71BC100C03E3E /* Project object */;
			proxyType = 1;
			remoteGlobalIDString = AA584DE121F71BC100C03E3E;
			remoteInfo = SampleRealm;
		};
		AA584E0221F71BC300C03E3E /* PBXContainerItemProxy */ = {
			isa = PBXContainerItemProxy;
			containerPortal = AA584DDA21F71BC100C03E3E /* Project object */;
			proxyType = 1;
			remoteGlobalIDString = AA584DE121F71BC100C03E3E;
			remoteInfo = SampleRealm;
		};
/* End PBXContainerItemProxy section */

/* Begin PBXFileReference section */
		09080219C1A0D911C82EA3E3 /* Pods-SampleRealm.debug.xcconfig */ = {isa = PBXFileReference; includeInIndex = 1; lastKnownFileType = text.xcconfig; name = "Pods-SampleRealm.debug.xcconfig"; path = "Pods/Target Support Files/Pods-SampleRealm/Pods-SampleRealm.debug.xcconfig"; sourceTree = "<group>"; };
		93112DAA99B9E2D1E4C215C9 /* Pods_SampleRealm.framework */ = {isa = PBXFileReference; explicitFileType = wrapper.framework; includeInIndex = 0; path = Pods_SampleRealm.framework; sourceTree = BUILT_PRODUCTS_DIR; };
		AA584DE221F71BC100C03E3E /* SampleRealm.app */ = {isa = PBXFileReference; explicitFileType = wrapper.application; includeInIndex = 0; path = SampleRealm.app; sourceTree = BUILT_PRODUCTS_DIR; };
		AA584DE521F71BC100C03E3E /* AppDelegate.swift */ = {isa = PBXFileReference; lastKnownFileType = sourcecode.swift; path = AppDelegate.swift; sourceTree = "<group>"; };
		AA584DE721F71BC100C03E3E /* ViewController.swift */ = {isa = PBXFileReference; lastKnownFileType = sourcecode.swift; path = ViewController.swift; sourceTree = "<group>"; };
		AA584DEA21F71BC100C03E3E /* Base */ = {isa = PBXFileReference; lastKnownFileType = file.storyboard; name = Base; path = Base.lproj/Main.storyboard; sourceTree = "<group>"; };
		AA584DEC21F71BC300C03E3E /* Assets.xcassets */ = {isa = PBXFileReference; lastKnownFileType = folder.assetcatalog; path = Assets.xcassets; sourceTree = "<group>"; };
		AA584DEF21F71BC300C03E3E /* Base */ = {isa = PBXFileReference; lastKnownFileType = file.storyboard; name = Base; path = Base.lproj/LaunchScreen.storyboard; sourceTree = "<group>"; };
		AA584DF121F71BC300C03E3E /* Info.plist */ = {isa = PBXFileReference; lastKnownFileType = text.plist.xml; path = Info.plist; sourceTree = "<group>"; };
		AA584DF621F71BC300C03E3E /* SampleRealmTests.xctest */ = {isa = PBXFileReference; explicitFileType = wrapper.cfbundle; includeInIndex = 0; path = SampleRealmTests.xctest; sourceTree = BUILT_PRODUCTS_DIR; };
		AA584DFA21F71BC300C03E3E /* SampleRealmTests.swift */ = {isa = PBXFileReference; lastKnownFileType = sourcecode.swift; path = SampleRealmTests.swift; sourceTree = "<group>"; };
		AA584DFC21F71BC300C03E3E /* Info.plist */ = {isa = PBXFileReference; lastKnownFileType = text.plist.xml; path = Info.plist; sourceTree = "<group>"; };
		AA584E0121F71BC300C03E3E /* SampleRealmUITests.xctest */ = {isa = PBXFileReference; explicitFileType = wrapper.cfbundle; includeInIndex = 0; path = SampleRealmUITests.xctest; sourceTree = BUILT_PRODUCTS_DIR; };
		AA584E0521F71BC300C03E3E /* SampleRealmUITests.swift */ = {isa = PBXFileReference; lastKnownFileType = sourcecode.swift; path = SampleRealmUITests.swift; sourceTree = "<group>"; };
		AA584E0721F71BC300C03E3E /* Info.plist */ = {isa = PBXFileReference; lastKnownFileType = text.plist.xml; path = Info.plist; sourceTree = "<group>"; };
		AA584E1421F7294200C03E3E /* RealmModel.swift */ = {isa = PBXFileReference; lastKnownFileType = sourcecode.swift; path = RealmModel.swift; sourceTree = "<group>"; };
		AA584E1721F7310200C03E3E /* ShowViewController.swift */ = {isa = PBXFileReference; lastKnownFileType = sourcecode.swift; path = ShowViewController.swift; sourceTree = "<group>"; };
		AA584E1E21F7320C00C03E3E /* CustomTableViewCell.swift */ = {isa = PBXFileReference; lastKnownFileType = sourcecode.swift; path = CustomTableViewCell.swift; sourceTree = "<group>"; };
		AA584E1F21F7320C00C03E3E /* CustomTableViewCell.xib */ = {isa = PBXFileReference; lastKnownFileType = file.xib; path = CustomTableViewCell.xib; sourceTree = "<group>"; };
		ABF06DECDF918346561FBC3F /* Pods-SampleRealm.release.xcconfig */ = {isa = PBXFileReference; includeInIndex = 1; lastKnownFileType = text.xcconfig; name = "Pods-SampleRealm.release.xcconfig"; path = "Pods/Target Support Files/Pods-SampleRealm/Pods-SampleRealm.release.xcconfig"; sourceTree = "<group>"; };
/* End PBXFileReference section */

/* Begin PBXFrameworksBuildPhase section */
		AA584DDF21F71BC100C03E3E /* Frameworks */ = {
			isa = PBXFrameworksBuildPhase;
			buildActionMask = 2147483647;
			files = (
				D91FEC35908A0C27F18AB812 /* Pods_SampleRealm.framework in Frameworks */,
			);
			runOnlyForDeploymentPostprocessing = 0;
		};
		AA584DF321F71BC300C03E3E /* Frameworks */ = {
			isa = PBXFrameworksBuildPhase;
			buildActionMask = 2147483647;
			files = (
			);
			runOnlyForDeploymentPostprocessing = 0;
		};
		AA584DFE21F71BC300C03E3E /* Frameworks */ = {
			isa = PBXFrameworksBuildPhase;
			buildActionMask = 2147483647;
			files = (
			);
			runOnlyForDeploymentPostprocessing = 0;
		};
/* End PBXFrameworksBuildPhase section */

/* Begin PBXGroup section */
		AA584DD921F71BC100C03E3E = {
			isa = PBXGroup;
			children = (
				AA584DE421F71BC100C03E3E /* SampleRealm */,
				AA584DF921F71BC300C03E3E /* SampleRealmTests */,
				AA584E0421F71BC300C03E3E /* SampleRealmUITests */,
				AA584DE321F71BC100C03E3E /* Products */,
				C97BCA2F9E17BCECD44864C5 /* Pods */,
				CA7A5ABF2E558F3653D00C79 /* Frameworks */,
			);
			sourceTree = "<group>";
		};
		AA584DE321F71BC100C03E3E /* Products */ = {
			isa = PBXGroup;
			children = (
				AA584DE221F71BC100C03E3E /* SampleRealm.app */,
				AA584DF621F71BC300C03E3E /* SampleRealmTests.xctest */,
				AA584E0121F71BC300C03E3E /* SampleRealmUITests.xctest */,
			);
			name = Products;
			sourceTree = "<group>";
		};
		AA584DE421F71BC100C03E3E /* SampleRealm */ = {
			isa = PBXGroup;
			children = (
				AA584E1921F731C000C03E3E /* CustomCell */,
				AA584E1621F730BE00C03E3E /* ViewController */,
				AA584E1321F7291D00C03E3E /* Model */,
				AA584DE521F71BC100C03E3E /* AppDelegate.swift */,
				AA584DE921F71BC100C03E3E /* Main.storyboard */,
				AA584DEC21F71BC300C03E3E /* Assets.xcassets */,
				AA584DEE21F71BC300C03E3E /* LaunchScreen.storyboard */,
				AA584DF121F71BC300C03E3E /* Info.plist */,
			);
			path = SampleRealm;
			sourceTree = "<group>";
		};
		AA584DF921F71BC300C03E3E /* SampleRealmTests */ = {
			isa = PBXGroup;
			children = (
				AA584DFA21F71BC300C03E3E /* SampleRealmTests.swift */,
				AA584DFC21F71BC300C03E3E /* Info.plist */,
			);
			path = SampleRealmTests;
			sourceTree = "<group>";
		};
		AA584E0421F71BC300C03E3E /* SampleRealmUITests */ = {
			isa = PBXGroup;
			children = (
				AA584E0521F71BC300C03E3E /* SampleRealmUITests.swift */,
				AA584E0721F71BC300C03E3E /* Info.plist */,
			);
			path = SampleRealmUITests;
			sourceTree = "<group>";
		};
		AA584E1321F7291D00C03E3E /* Model */ = {
			isa = PBXGroup;
			children = (
				AA584E1421F7294200C03E3E /* RealmModel.swift */,
			);
			path = Model;
			sourceTree = "<group>";
		};
		AA584E1621F730BE00C03E3E /* ViewController */ = {
			isa = PBXGroup;
			children = (
				AA584DE721F71BC100C03E3E /* ViewController.swift */,
				AA584E1721F7310200C03E3E /* ShowViewController.swift */,
			);
			path = ViewController;
			sourceTree = "<group>";
		};
		AA584E1921F731C000C03E3E /* CustomCell */ = {
			isa = PBXGroup;
			children = (
				AA584E1E21F7320C00C03E3E /* CustomTableViewCell.swift */,
				AA584E1F21F7320C00C03E3E /* CustomTableViewCell.xib */,
			);
			path = CustomCell;
			sourceTree = "<group>";
		};
		C97BCA2F9E17BCECD44864C5 /* Pods */ = {
			isa = PBXGroup;
			children = (
				09080219C1A0D911C82EA3E3 /* Pods-SampleRealm.debug.xcconfig */,
				ABF06DECDF918346561FBC3F /* Pods-SampleRealm.release.xcconfig */,
			);
			name = Pods;
			sourceTree = "<group>";
		};
		CA7A5ABF2E558F3653D00C79 /* Frameworks */ = {
			isa = PBXGroup;
			children = (
				93112DAA99B9E2D1E4C215C9 /* Pods_SampleRealm.framework */,
			);
			name = Frameworks;
			sourceTree = "<group>";
		};
/* End PBXGroup section */

/* Begin PBXNativeTarget section */
		AA584DE121F71BC100C03E3E /* SampleRealm */ = {
			isa = PBXNativeTarget;
			buildConfigurationList = AA584E0A21F71BC300C03E3E /* Build configuration list for PBXNativeTarget "SampleRealm" */;
			buildPhases = (
				F2101D96CA6D032473AF8B89 /* [CP] Check Pods Manifest.lock */,
				AA584DDE21F71BC100C03E3E /* Sources */,
				AA584DDF21F71BC100C03E3E /* Frameworks */,
				AA584DE021F71BC100C03E3E /* Resources */,
				87B53FECD9A3C2E185FC720E /* [CP] Embed Pods Frameworks */,
			);
			buildRules = (
			);
			dependencies = (
			);
			name = SampleRealm;
			productName = SampleRealm;
			productReference = AA584DE221F71BC100C03E3E /* SampleRealm.app */;
			productType = "com.apple.product-type.application";
		};
		AA584DF521F71BC300C03E3E /* SampleRealmTests */ = {
			isa = PBXNativeTarget;
			buildConfigurationList = AA584E0D21F71BC300C03E3E /* Build configuration list for PBXNativeTarget "SampleRealmTests" */;
			buildPhases = (
				AA584DF221F71BC300C03E3E /* Sources */,
				AA584DF321F71BC300C03E3E /* Frameworks */,
				AA584DF421F71BC300C03E3E /* Resources */,
			);
			buildRules = (
			);
			dependencies = (
				AA584DF821F71BC300C03E3E /* PBXTargetDependency */,
			);
			name = SampleRealmTests;
			productName = SampleRealmTests;
			productReference = AA584DF621F71BC300C03E3E /* SampleRealmTests.xctest */;
			productType = "com.apple.product-type.bundle.unit-test";
		};
		AA584E0021F71BC300C03E3E /* SampleRealmUITests */ = {
			isa = PBXNativeTarget;
			buildConfigurationList = AA584E1021F71BC300C03E3E /* Build configuration list for PBXNativeTarget "SampleRealmUITests" */;
			buildPhases = (
				AA584DFD21F71BC300C03E3E /* Sources */,
				AA584DFE21F71BC300C03E3E /* Frameworks */,
				AA584DFF21F71BC300C03E3E /* Resources */,
			);
			buildRules = (
			);
			dependencies = (
				AA584E0321F71BC300C03E3E /* PBXTargetDependency */,
			);
			name = SampleRealmUITests;
			productName = SampleRealmUITests;
			productReference = AA584E0121F71BC300C03E3E /* SampleRealmUITests.xctest */;
			productType = "com.apple.product-type.bundle.ui-testing";
		};
/* End PBXNativeTarget section */

/* Begin PBXProject section */
		AA584DDA21F71BC100C03E3E /* Project object */ = {
			isa = PBXProject;
			attributes = {
				LastSwiftUpdateCheck = 1010;
				LastUpgradeCheck = 1010;
				ORGANIZATIONNAME = "橋詰明宗";
				TargetAttributes = {
					AA584DE121F71BC100C03E3E = {
						CreatedOnToolsVersion = 10.1;
					};
					AA584DF521F71BC300C03E3E = {
						CreatedOnToolsVersion = 10.1;
						TestTargetID = AA584DE121F71BC100C03E3E;
					};
					AA584E0021F71BC300C03E3E = {
						CreatedOnToolsVersion = 10.1;
						TestTargetID = AA584DE121F71BC100C03E3E;
					};
				};
			};
			buildConfigurationList = AA584DDD21F71BC100C03E3E /* Build configuration list for PBXProject "SampleRealm" */;
			compatibilityVersion = "Xcode 9.3";
			developmentRegion = en;
			hasScannedForEncodings = 0;
			knownRegions = (
				en,
				Base,
			);
			mainGroup = AA584DD921F71BC100C03E3E;
			productRefGroup = AA584DE321F71BC100C03E3E /* Products */;
			projectDirPath = "";
			projectRoot = "";
			targets = (
				AA584DE121F71BC100C03E3E /* SampleRealm */,
				AA584DF521F71BC300C03E3E /* SampleRealmTests */,
				AA584E0021F71BC300C03E3E /* SampleRealmUITests */,
			);
		};
/* End PBXProject section */

/* Begin PBXResourcesBuildPhase section */
		AA584DE021F71BC100C03E3E /* Resources */ = {
			isa = PBXResourcesBuildPhase;
			buildActionMask = 2147483647;
			files = (
				AA584DF021F71BC300C03E3E /* LaunchScreen.storyboard in Resources */,
				AA584DED21F71BC300C03E3E /* Assets.xcassets in Resources */,
				AA584E2121F7320C00C03E3E /* CustomTableViewCell.xib in Resources */,
				AA584DEB21F71BC100C03E3E /* Main.storyboard in Resources */,
			);
			runOnlyForDeploymentPostprocessing = 0;
		};
		AA584DF421F71BC300C03E3E /* Resources */ = {
			isa = PBXResourcesBuildPhase;
			buildActionMask = 2147483647;
			files = (
			);
			runOnlyForDeploymentPostprocessing = 0;
		};
		AA584DFF21F71BC300C03E3E /* Resources */ = {
			isa = PBXResourcesBuildPhase;
			buildActionMask = 2147483647;
			files = (
			);
			runOnlyForDeploymentPostprocessing = 0;
		};
/* End PBXResourcesBuildPhase section */

/* Begin PBXShellScriptBuildPhase section */
		87B53FECD9A3C2E185FC720E /* [CP] Embed Pods Frameworks */ = {
			isa = PBXShellScriptBuildPhase;
			buildActionMask = 2147483647;
			files = (
			);
			inputPaths = (
				"${SRCROOT}/Pods/Target Support Files/Pods-SampleRealm/Pods-SampleRealm-frameworks.sh",
				"${BUILT_PRODUCTS_DIR}/Realm/Realm.framework",
				"${BUILT_PRODUCTS_DIR}/RealmSwift/RealmSwift.framework",
			);
			name = "[CP] Embed Pods Frameworks";
			outputPaths = (
				"${TARGET_BUILD_DIR}/${FRAMEWORKS_FOLDER_PATH}/Realm.framework",
				"${TARGET_BUILD_DIR}/${FRAMEWORKS_FOLDER_PATH}/RealmSwift.framework",
			);
			runOnlyForDeploymentPostprocessing = 0;
			shellPath = /bin/sh;
			shellScript = "\"${SRCROOT}/Pods/Target Support Files/Pods-SampleRealm/Pods-SampleRealm-frameworks.sh\"\n";
			showEnvVarsInLog = 0;
		};
		F2101D96CA6D032473AF8B89 /* [CP] Check Pods Manifest.lock */ = {
			isa = PBXShellScriptBuildPhase;
			buildActionMask = 2147483647;
			files = (
			);
			inputPaths = (
				"${PODS_PODFILE_DIR_PATH}/Podfile.lock",
				"${PODS_ROOT}/Manifest.lock",
			);
			name = "[CP] Check Pods Manifest.lock";
			outputPaths = (
				"$(DERIVED_FILE_DIR)/Pods-SampleRealm-checkManifestLockResult.txt",
			);
			runOnlyForDeploymentPostprocessing = 0;
			shellPath = /bin/sh;
			shellScript = "diff \"${PODS_PODFILE_DIR_PATH}/Podfile.lock\" \"${PODS_ROOT}/Manifest.lock\" > /dev/null\nif [ $? != 0 ] ; then\n    # print error to STDERR\n    echo \"error: The sandbox is not in sync with the Podfile.lock. Run 'pod install' or update your CocoaPods installation.\" >&2\n    exit 1\nfi\n# This output is used by Xcode 'outputs' to avoid re-running this script phase.\necho \"SUCCESS\" > \"${SCRIPT_OUTPUT_FILE_0}\"\n";
			showEnvVarsInLog = 0;
		};
/* End PBXShellScriptBuildPhase section */

/* Begin PBXSourcesBuildPhase section */
		AA584DDE21F71BC100C03E3E /* Sources */ = {
			isa = PBXSourcesBuildPhase;
			buildActionMask = 2147483647;
			files = (
				AA584DE821F71BC100C03E3E /* ViewController.swift in Sources */,
				AA584E2021F7320C00C03E3E /* CustomTableViewCell.swift in Sources */,
				AA584E1521F7294200C03E3E /* RealmModel.swift in Sources */,
				AA584DE621F71BC100C03E3E /* AppDelegate.swift in Sources */,
				AA584E1821F7310200C03E3E /* ShowViewController.swift in Sources */,
			);
			runOnlyForDeploymentPostprocessing = 0;
		};
		AA584DF221F71BC300C03E3E /* Sources */ = {
			isa = PBXSourcesBuildPhase;
			buildActionMask = 2147483647;
			files = (
				AA584DFB21F71BC300C03E3E /* SampleRealmTests.swift in Sources */,
			);
			runOnlyForDeploymentPostprocessing = 0;
		};
		AA584DFD21F71BC300C03E3E /* Sources */ = {
			isa = PBXSourcesBuildPhase;
			buildActionMask = 2147483647;
			files = (
				AA584E0621F71BC300C03E3E /* SampleRealmUITests.swift in Sources */,
			);
			runOnlyForDeploymentPostprocessing = 0;
		};
/* End PBXSourcesBuildPhase section */

/* Begin PBXTargetDependency section */
		AA584DF821F71BC300C03E3E /* PBXTargetDependency */ = {
			isa = PBXTargetDependency;
			target = AA584DE121F71BC100C03E3E /* SampleRealm */;
			targetProxy = AA584DF721F71BC300C03E3E /* PBXContainerItemProxy */;
		};
		AA584E0321F71BC300C03E3E /* PBXTargetDependency */ = {
			isa = PBXTargetDependency;
			target = AA584DE121F71BC100C03E3E /* SampleRealm */;
			targetProxy = AA584E0221F71BC300C03E3E /* PBXContainerItemProxy */;
		};
/* End PBXTargetDependency section */

/* Begin PBXVariantGroup section */
		AA584DE921F71BC100C03E3E /* Main.storyboard */ = {
			isa = PBXVariantGroup;
			children = (
				AA584DEA21F71BC100C03E3E /* Base */,
			);
			name = Main.storyboard;
			sourceTree = "<group>";
		};
		AA584DEE21F71BC300C03E3E /* LaunchScreen.storyboard */ = {
			isa = PBXVariantGroup;
			children = (
				AA584DEF21F71BC300C03E3E /* Base */,
			);
			name = LaunchScreen.storyboard;
			sourceTree = "<group>";
		};
/* End PBXVariantGroup section */

/* Begin XCBuildConfiguration section */
		AA584E0821F71BC300C03E3E /* Debug */ = {
			isa = XCBuildConfiguration;
			buildSettings = {
				ALWAYS_SEARCH_USER_PATHS = NO;
				CLANG_ANALYZER_NONNULL = YES;
				CLANG_ANALYZER_NUMBER_OBJECT_CONVERSION = YES_AGGRESSIVE;
				CLANG_CXX_LANGUAGE_STANDARD = "gnu++14";
				CLANG_CXX_LIBRARY = "libc++";
				CLANG_ENABLE_MODULES = YES;
				CLANG_ENABLE_OBJC_ARC = YES;
				CLANG_ENABLE_OBJC_WEAK = YES;
				CLANG_WARN_BLOCK_CAPTURE_AUTORELEASING = YES;
				CLANG_WARN_BOOL_CONVERSION = YES;
				CLANG_WARN_COMMA = YES;
				CLANG_WARN_CONSTANT_CONVERSION = YES;
				CLANG_WARN_DEPRECATED_OBJC_IMPLEMENTATIONS = YES;
				CLANG_WARN_DIRECT_OBJC_ISA_USAGE = YES_ERROR;
				CLANG_WARN_DOCUMENTATION_COMMENTS = YES;
				CLANG_WARN_EMPTY_BODY = YES;
				CLANG_WARN_ENUM_CONVERSION = YES;
				CLANG_WARN_INFINITE_RECURSION = YES;
				CLANG_WARN_INT_CONVERSION = YES;
				CLANG_WARN_NON_LITERAL_NULL_CONVERSION = YES;
				CLANG_WARN_OBJC_IMPLICIT_RETAIN_SELF = YES;
				CLANG_WARN_OBJC_LITERAL_CONVERSION = YES;
				CLANG_WARN_OBJC_ROOT_CLASS = YES_ERROR;
				CLANG_WARN_RANGE_LOOP_ANALYSIS = YES;
				CLANG_WARN_STRICT_PROTOTYPES = YES;
				CLANG_WARN_SUSPICIOUS_MOVE = YES;
				CLANG_WARN_UNGUARDED_AVAILABILITY = YES_AGGRESSIVE;
				CLANG_WARN_UNREACHABLE_CODE = YES;
				CLANG_WARN__DUPLICATE_METHOD_MATCH = YES;
				CODE_SIGN_IDENTITY = "iPhone Developer";
				COPY_PHASE_STRIP = NO;
				DEBUG_INFORMATION_FORMAT = dwarf;
				ENABLE_STRICT_OBJC_MSGSEND = YES;
				ENABLE_TESTABILITY = YES;
				GCC_C_LANGUAGE_STANDARD = gnu11;
				GCC_DYNAMIC_NO_PIC = NO;
				GCC_NO_COMMON_BLOCKS = YES;
				GCC_OPTIMIZATION_LEVEL = 0;
				GCC_PREPROCESSOR_DEFINITIONS = (
					"DEBUG=1",
					"$(inherited)",
				);
				GCC_WARN_64_TO_32_BIT_CONVERSION = YES;
				GCC_WARN_ABOUT_RETURN_TYPE = YES_ERROR;
				GCC_WARN_UNDECLARED_SELECTOR = YES;
				GCC_WARN_UNINITIALIZED_AUTOS = YES_AGGRESSIVE;
				GCC_WARN_UNUSED_FUNCTION = YES;
				GCC_WARN_UNUSED_VARIABLE = YES;
				IPHONEOS_DEPLOYMENT_TARGET = 12.1;
				MTL_ENABLE_DEBUG_INFO = INCLUDE_SOURCE;
				MTL_FAST_MATH = YES;
				ONLY_ACTIVE_ARCH = YES;
				SDKROOT = iphoneos;
				SWIFT_ACTIVE_COMPILATION_CONDITIONS = DEBUG;
				SWIFT_OPTIMIZATION_LEVEL = "-Onone";
			};
			name = Debug;
		};
		AA584E0921F71BC300C03E3E /* Release */ = {
			isa = XCBuildConfiguration;
			buildSettings = {
				ALWAYS_SEARCH_USER_PATHS = NO;
				CLANG_ANALYZER_NONNULL = YES;
				CLANG_ANALYZER_NUMBER_OBJECT_CONVERSION = YES_AGGRESSIVE;
				CLANG_CXX_LANGUAGE_STANDARD = "gnu++14";
				CLANG_CXX_LIBRARY = "libc++";
				CLANG_ENABLE_MODULES = YES;
				CLANG_ENABLE_OBJC_ARC = YES;
				CLANG_ENABLE_OBJC_WEAK = YES;
				CLANG_WARN_BLOCK_CAPTURE_AUTORELEASING = YES;
				CLANG_WARN_BOOL_CONVERSION = YES;
				CLANG_WARN_COMMA = YES;
				CLANG_WARN_CONSTANT_CONVERSION = YES;
				CLANG_WARN_DEPRECATED_OBJC_IMPLEMENTATIONS = YES;
				CLANG_WARN_DIRECT_OBJC_ISA_USAGE = YES_ERROR;
				CLANG_WARN_DOCUMENTATION_COMMENTS = YES;
				CLANG_WARN_EMPTY_BODY = YES;
				CLANG_WARN_ENUM_CONVERSION = YES;
				CLANG_WARN_INFINITE_RECURSION = YES;
				CLANG_WARN_INT_CONVERSION = YES;
				CLANG_WARN_NON_LITERAL_NULL_CONVERSION = YES;
				CLANG_WARN_OBJC_IMPLICIT_RETAIN_SELF = YES;
				CLANG_WARN_OBJC_LITERAL_CONVERSION = YES;
				CLANG_WARN_OBJC_ROOT_CLASS = YES_ERROR;
				CLANG_WARN_RANGE_LOOP_ANALYSIS = YES;
				CLANG_WARN_STRICT_PROTOTYPES = YES;
				CLANG_WARN_SUSPICIOUS_MOVE = YES;
				CLANG_WARN_UNGUARDED_AVAILABILITY = YES_AGGRESSIVE;
				CLANG_WARN_UNREACHABLE_CODE = YES;
				CLANG_WARN__DUPLICATE_METHOD_MATCH = YES;
				CODE_SIGN_IDENTITY = "iPhone Developer";
				COPY_PHASE_STRIP = NO;
				DEBUG_INFORMATION_FORMAT = "dwarf-with-dsym";
				ENABLE_NS_ASSERTIONS = NO;
				ENABLE_STRICT_OBJC_MSGSEND = YES;
				GCC_C_LANGUAGE_STANDARD = gnu11;
				GCC_NO_COMMON_BLOCKS = YES;
				GCC_WARN_64_TO_32_BIT_CONVERSION = YES;
				GCC_WARN_ABOUT_RETURN_TYPE = YES_ERROR;
				GCC_WARN_UNDECLARED_SELECTOR = YES;
				GCC_WARN_UNINITIALIZED_AUTOS = YES_AGGRESSIVE;
				GCC_WARN_UNUSED_FUNCTION = YES;
				GCC_WARN_UNUSED_VARIABLE = YES;
				IPHONEOS_DEPLOYMENT_TARGET = 12.1;
				MTL_ENABLE_DEBUG_INFO = NO;
				MTL_FAST_MATH = YES;
				SDKROOT = iphoneos;
				SWIFT_COMPILATION_MODE = wholemodule;
				SWIFT_OPTIMIZATION_LEVEL = "-O";
				VALIDATE_PRODUCT = YES;
			};
			name = Release;
		};
		AA584E0B21F71BC300C03E3E /* Debug */ = {
			isa = XCBuildConfiguration;
			baseConfigurationReference = 09080219C1A0D911C82EA3E3 /* Pods-SampleRealm.debug.xcconfig */;
			buildSettings = {
				ASSETCATALOG_COMPILER_APPICON_NAME = AppIcon;
				CODE_SIGN_STYLE = Automatic;
				INFOPLIST_FILE = SampleRealm/Info.plist;
				LD_RUNPATH_SEARCH_PATHS = (
					"$(inherited)",
					"@executable_path/Frameworks",
				);
				PRODUCT_BUNDLE_IDENTIFIER = com.akitoshi.hashizume.SampleRealm;
				PRODUCT_NAME = "$(TARGET_NAME)";
				SWIFT_VERSION = 4.2;
				TARGETED_DEVICE_FAMILY = "1,2";
			};
			name = Debug;
		};
		AA584E0C21F71BC300C03E3E /* Release */ = {
			isa = XCBuildConfiguration;
			baseConfigurationReference = ABF06DECDF918346561FBC3F /* Pods-SampleRealm.release.xcconfig */;
			buildSettings = {
				ASSETCATALOG_COMPILER_APPICON_NAME = AppIcon;
				CODE_SIGN_STYLE = Automatic;
				INFOPLIST_FILE = SampleRealm/Info.plist;
				LD_RUNPATH_SEARCH_PATHS = (
					"$(inherited)",
					"@executable_path/Frameworks",
				);
				PRODUCT_BUNDLE_IDENTIFIER = com.akitoshi.hashizume.SampleRealm;
				PRODUCT_NAME = "$(TARGET_NAME)";
				SWIFT_VERSION = 4.2;
				TARGETED_DEVICE_FAMILY = "1,2";
			};
			name = Release;
		};
		AA584E0E21F71BC300C03E3E /* Debug */ = {
			isa = XCBuildConfiguration;
			buildSettings = {
				ALWAYS_EMBED_SWIFT_STANDARD_LIBRARIES = YES;
				BUNDLE_LOADER = "$(TEST_HOST)";
				CODE_SIGN_STYLE = Automatic;
				INFOPLIST_FILE = SampleRealmTests/Info.plist;
				LD_RUNPATH_SEARCH_PATHS = (
					"$(inherited)",
					"@executable_path/Frameworks",
					"@loader_path/Frameworks",
				);
				PRODUCT_BUNDLE_IDENTIFIER = com.akitoshi.hashizume.SampleRealmTests;
				PRODUCT_NAME = "$(TARGET_NAME)";
				SWIFT_VERSION = 4.2;
				TARGETED_DEVICE_FAMILY = "1,2";
				TEST_HOST = "$(BUILT_PRODUCTS_DIR)/SampleRealm.app/SampleRealm";
			};
			name = Debug;
		};
		AA584E0F21F71BC300C03E3E /* Release */ = {
			isa = XCBuildConfiguration;
			buildSettings = {
				ALWAYS_EMBED_SWIFT_STANDARD_LIBRARIES = YES;
				BUNDLE_LOADER = "$(TEST_HOST)";
				CODE_SIGN_STYLE = Automatic;
				INFOPLIST_FILE = SampleRealmTests/Info.plist;
				LD_RUNPATH_SEARCH_PATHS = (
					"$(inherited)",
					"@executable_path/Frameworks",
					"@loader_path/Frameworks",
				);
				PRODUCT_BUNDLE_IDENTIFIER = com.akitoshi.hashizume.SampleRealmTests;
				PRODUCT_NAME = "$(TARGET_NAME)";
				SWIFT_VERSION = 4.2;
				TARGETED_DEVICE_FAMILY = "1,2";
				TEST_HOST = "$(BUILT_PRODUCTS_DIR)/SampleRealm.app/SampleRealm";
			};
			name = Release;
		};
		AA584E1121F71BC300C03E3E /* Debug */ = {
			isa = XCBuildConfiguration;
			buildSettings = {
				ALWAYS_EMBED_SWIFT_STANDARD_LIBRARIES = YES;
				CODE_SIGN_STYLE = Automatic;
				INFOPLIST_FILE = SampleRealmUITests/Info.plist;
				LD_RUNPATH_SEARCH_PATHS = (
					"$(inherited)",
					"@executable_path/Frameworks",
					"@loader_path/Frameworks",
				);
				PRODUCT_BUNDLE_IDENTIFIER = com.akitoshi.hashizume.SampleRealmUITests;
				PRODUCT_NAME = "$(TARGET_NAME)";
				SWIFT_VERSION = 4.2;
				TARGETED_DEVICE_FAMILY = "1,2";
				TEST_TARGET_NAME = SampleRealm;
			};
			name = Debug;
		};
		AA584E1221F71BC300C03E3E /* Release */ = {
			isa = XCBuildConfiguration;
			buildSettings = {
				ALWAYS_EMBED_SWIFT_STANDARD_LIBRARIES = YES;
				CODE_SIGN_STYLE = Automatic;
				INFOPLIST_FILE = SampleRealmUITests/Info.plist;
				LD_RUNPATH_SEARCH_PATHS = (
					"$(inherited)",
					"@executable_path/Frameworks",
					"@loader_path/Frameworks",
				);
				PRODUCT_BUNDLE_IDENTIFIER = com.akitoshi.hashizume.SampleRealmUITests;
				PRODUCT_NAME = "$(TARGET_NAME)";
				SWIFT_VERSION = 4.2;
				TARGETED_DEVICE_FAMILY = "1,2";
				TEST_TARGET_NAME = SampleRealm;
			};
			name = Release;
		};
/* End XCBuildConfiguration section */

/* Begin XCConfigurationList section */
		AA584DDD21F71BC100C03E3E /* Build configuration list for PBXProject "SampleRealm" */ = {
			isa = XCConfigurationList;
			buildConfigurations = (
				AA584E0821F71BC300C03E3E /* Debug */,
				AA584E0921F71BC300C03E3E /* Release */,
			);
			defaultConfigurationIsVisible = 0;
			defaultConfigurationName = Release;
		};
		AA584E0A21F71BC300C03E3E /* Build configuration list for PBXNativeTarget "SampleRealm" */ = {
			isa = XCConfigurationList;
			buildConfigurations = (
				AA584E0B21F71BC300C03E3E /* Debug */,
				AA584E0C21F71BC300C03E3E /* Release */,
			);
			defaultConfigurationIsVisible = 0;
			defaultConfigurationName = Release;
		};
		AA584E0D21F71BC300C03E3E /* Build configuration list for PBXNativeTarget "SampleRealmTests" */ = {
			isa = XCConfigurationList;
			buildConfigurations = (
				AA584E0E21F71BC300C03E3E /* Debug */,
				AA584E0F21F71BC300C03E3E /* Release */,
			);
			defaultConfigurationIsVisible = 0;
			defaultConfigurationName = Release;
		};
		AA584E1021F71BC300C03E3E /* Build configuration list for PBXNativeTarget "SampleRealmUITests" */ = {
			isa = XCConfigurationList;
			buildConfigurations = (
				AA584E1121F71BC300C03E3E /* Debug */,
				AA584E1221F71BC300C03E3E /* Release */,
			);
			defaultConfigurationIsVisible = 0;
			defaultConfigurationName = Release;
		};
/* End XCConfigurationList section */
	};
	rootObject = AA584DDA21F71BC100C03E3E /* Project object */;
}
